<?xml version="1.0" encoding="utf-8"?>
<Project ToolsVersion="4.0" xmlns="http://schemas.microsoft.com/developer/msbuild/2003">
  <ItemGroup>
    <Filter Include="Android">
      <UniqueIdentifier>{f70889a4-fc79-4d35-bf28-2a9c2d7b47b0}</UniqueIdentifier>
    </Filter>
    <Filter Include="Windows">
      <UniqueIdentifier>{be9c8c91-5d70-477f-89ff-d775a704e2f1}</UniqueIdentifier>
    </Filter>
    <Filter Include="Common">
      <UniqueIdentifier>{00e1e0dc-e476-49da-80af-93d1c3221798}</UniqueIdentifier>
    </Filter>
    <Filter Include="Windows\include">
      <UniqueIdentifier>{8947d47b-dbb5-4f22-8c64-8f4e4ed949d6}</UniqueIdentifier>
    </Filter>
    <Filter Include="Windows\src">
      <UniqueIdentifier>{d2d5e854-5963-4bf9-a1ac-76ba181963d2}</UniqueIdentifier>
    </Filter>
    <Filter Include="Common\include">
      <UniqueIdentifier>{e265c19c-5b61-415f-b850-df27abab9efd}</UniqueIdentifier>
    </Filter>
    <Filter Include="Common\src">
      <UniqueIdentifier>{36ed6594-be07-4488-bc58-ea39bc69758f}</UniqueIdentifier>
    </Filter>
    <Filter Include="Android\include">
      <UniqueIdentifier>{3774dd61-e769-472e-9fe5-9445b7412d77}</UniqueIdentifier>
    </Filter>
    <Filter Include="Android\src">
      <UniqueIdentifier>{87f28355-61fa-4ac2-b765-9102aacfc84e}</UniqueIdentifier>
    </Filter>
    <Filter Include="Common\src\devmath">
      <UniqueIdentifier>{cabc5104-1563-453d-b700-c6df4f3c3eab}</UniqueIdentifier>
    </Filter>
  </ItemGroup>
  <ItemGroup>
    <ClCompile Include="..\Windows\src\OpenGL.cpp">
      <Filter>Windows\src</Filter>
    </ClCompile>
    <ClCompile Include="..\Windows\src\Window.cpp">
      <Filter>Windows\src</Filter>
    </ClCompile>
    <ClCompile Include="..\Windows\src\WinMain.cpp">
      <Filter>Windows\src</Filter>
    </ClCompile>
    <ClCompile Include="..\Common\src\Engine.cpp">
      <Filter>Common\src</Filter>
    </ClCompile>
    <ClCompile Include="..\Android\src\gl_code.cpp">
      <Filter>Android\src</Filter>
    </ClCompile>
    <ClCompile Include="..\Common\src\Debug.cpp">
      <Filter>Common\src</Filter>
    </ClCompile>
    <ClCompile Include="..\Common\src\Graphics.cpp">
      <Filter>Common\src</Filter>
    </ClCompile>
    <ClCompile Include="..\Common\src\Shader.cpp">
      <Filter>Common\src</Filter>
    </ClCompile>
    <ClCompile Include="..\Windows\src\FileReader.cpp">
      <Filter>Windows\src</Filter>
    </ClCompile>
    <ClCompile Include="..\Android\src\FileReader.cpp">
      <Filter>Android\src</Filter>
    </ClCompile>
    <ClCompile Include="..\Common\src\devmath\Matrix3.cpp">
      <Filter>Common\src\devmath</Filter>
    </ClCompile>
    <ClCompile Include="..\Common\src\devmath\Matrix4.cpp">
      <Filter>Common\src\devmath</Filter>
    </ClCompile>
    <ClCompile Include="..\Common\src\devmath\Point.cpp">
      <Filter>Common\src\devmath</Filter>
    </ClCompile>
    <ClCompile Include="..\Common\src\devmath\Quaternion.cpp">
      <Filter>Common\src\devmath</Filter>
    </ClCompile>
    <ClCompile Include="..\Common\src\devmath\Rectangle.cpp">
      <Filter>Common\src\devmath</Filter>
    </ClCompile>
    <ClCompile Include="..\Common\src\devmath\Utils.cpp">
      <Filter>Common\src\devmath</Filter>
    </ClCompile>
    <ClCompile Include="..\Common\src\devmath\Vector2.cpp">
      <Filter>Common\src\devmath</Filter>
    </ClCompile>
    <ClCompile Include="..\Common\src\devmath\Vector3.cpp">
      <Filter>Common\src\devmath</Filter>
    </ClCompile>
    <ClCompile Include="..\Common\src\devmath\Vector4.cpp">
      <Filter>Common\src\devmath</Filter>
    </ClCompile>
    <ClCompile Include="..\Common\src\Texture.cpp">
      <Filter>Common\src</Filter>
    </ClCompile>
    <ClCompile Include="..\Common\src\Quad.cpp">
      <Filter>Common\src</Filter>
    </ClCompile>
  </ItemGroup>
  <ItemGroup>
    <ClInclude Include="..\Windows\include\Win32toAndroid.h">
      <Filter>Windows\include</Filter>
    </ClInclude>
    <ClInclude Include="..\Windows\include\Window.h">
      <Filter>Windows\include</Filter>
    </ClInclude>
    <ClInclude Include="..\Common\include\Engine.h">
      <Filter>Common\include</Filter>
    </ClInclude>
    <ClInclude Include="..\Common\include\Debug.h">
      <Filter>Common\include</Filter>
    </ClInclude>
    <ClInclude Include="..\Common\include\Graphics.h">
      <Filter>Common\include</Filter>
    </ClInclude>
    <ClInclude Include="..\Common\include\Shader.h">
      <Filter>Common\include</Filter>
    </ClInclude>
    <ClInclude Include="..\Android\include\FileReader.h">
      <Filter>Android\include</Filter>
    </ClInclude>
    <ClInclude Include="..\Windows\include\FileReader.h">
      <Filter>Windows\include</Filter>
    </ClInclude>
    <ClInclude Include="..\Common\include\Texture.h">
      <Filter>Common\include</Filter>
    </ClInclude>
    <ClInclude Include="..\Common\include\Quad.h">
      <Filter>Common\include</Filter>
    </ClInclude>
  </ItemGroup>
</Project>